
Microsoft Visual Studio Solution File, Format Version 12.00
# Visual Studio Version 16
VisualStudioVersion = 16.0.30011.22
MinimumVisualStudioVersion = 10.0.40219.1
Project("{9A19103F-16F7-4668-BE54-9A1E7A4F7556}") = "Homework1", "Homework1\Homework1.csproj", "{FDA1A7F4-8EA7-4977-8612-5C59384B9016}"
EndProject
Project("{9A19103F-16F7-4668-BE54-9A1E7A4F7556}") = "Logic", "Logic\Logic.csproj", "{64A95188-DEF8-41F7-B0F8-E45D0C5BCCAF}"
EndProject
Global
	GlobalSection(SolutionConfigurationPlatforms) = preSolution
		Debug|Any CPU = Debug|Any CPU
		Release|Any CPU = Release|Any CPU
	EndGlobalSection
	GlobalSection(ProjectConfigurationPlatforms) = postSolution
		{FDA1A7F4-8EA7-4977-8612-5C59384B9016}.Debug|Any CPU.ActiveCfg = Debug|Any CPU
		{FDA1A7F4-8EA7-4977-8612-5C59384B9016}.Debug|Any CPU.Build.0 = Debug|Any CPU
		{FDA1A7F4-8EA7-4977-8612-5C59384B9016}.Release|Any CPU.ActiveCfg = Release|Any CPU
		{FDA1A7F4-8EA7-4977-8612-5C59384B9016}.Release|Any CPU.Build.0 = Release|Any CPU
		{64A95188-DEF8-41F7-B0F8-E45D0C5BCCAF}.Debug|Any CPU.ActiveCfg = Debug|Any CPU
		{64A95188-DEF8-41F7-B0F8-E45D0C5BCCAF}.Debug|Any CPU.Build.0 = Debug|Any CPU
		{64A95188-DEF8-41F7-B0F8-E45D0C5BCCAF}.Release|Any CPU.ActiveCfg = Release|Any CPU
		{64A95188-DEF8-41F7-B0F8-E45D0C5BCCAF}.Release|Any CPU.Build.0 = Release|Any CPU
	EndGlobalSection
	GlobalSection(SolutionProperties) = preSolution
		HideSolutionNode = FALSE
	EndGlobalSection
	GlobalSection(ExtensibilityGlobals) = postSolution
		SolutionGuid = {C5157255-338E-4D1C-99F8-E89682768707}
	EndGlobalSection
EndGlobal
